// !$*UTF8*$!
{
	archiveVersion = 1;
	classes = {
	};
	objectVersion = 56;
	objects = {

/* Begin PBXBuildFile section */
		D3B538BD2C0517E800F6F2F1 /* IosAppApp.swift in Sources */ = {isa = PBXBuildFile; fileRef = D3B538BC2C0517E800F6F2F1 /* IosAppApp.swift */; };
		D3B538C42C0517E900F6F2F1 /* Preview Assets.xcassets in Resources */ = {isa = PBXBuildFile; fileRef = D3B538C32C0517E900F6F2F1 /* Preview Assets.xcassets */; };
		D3B538CE2C0517E900F6F2F1 /* IosAppTests.swift in Sources */ = {isa = PBXBuildFile; fileRef = D3B538CD2C0517E900F6F2F1 /* IosAppTests.swift */; };
		D3B538D82C0517E900F6F2F1 /* IosAppUITests.swift in Sources */ = {isa = PBXBuildFile; fileRef = D3B538D72C0517E900F6F2F1 /* IosAppUITests.swift */; };
		D3B538DA2C0517E900F6F2F1 /* IosAppUITestsLaunchTests.swift in Sources */ = {isa = PBXBuildFile; fileRef = D3B538D92C0517E900F6F2F1 /* IosAppUITestsLaunchTests.swift */; };
		D3B538F22C0517FF00F6F2F1 /* GreetingsView.swift in Sources */ = {isa = PBXBuildFile; fileRef = D3B538E62C0517FF00F6F2F1 /* GreetingsView.swift */; };
		D3B538F32C0517FF00F6F2F1 /* HelpSection.swift in Sources */ = {isa = PBXBuildFile; fileRef = D3B538E72C0517FF00F6F2F1 /* HelpSection.swift */; };
		D3B538F42C0517FF00F6F2F1 /* LinksView.swift in Sources */ = {isa = PBXBuildFile; fileRef = D3B538E82C0517FF00F6F2F1 /* LinksView.swift */; };
		D3B538F62C0517FF00F6F2F1 /* LineChartView.swift in Sources */ = {isa = PBXBuildFile; fileRef = D3B538EA2C0517FF00F6F2F1 /* LineChartView.swift */; };
		D3B538F72C0517FF00F6F2F1 /* StatsView.swift in Sources */ = {isa = PBXBuildFile; fileRef = D3B538EB2C0517FF00F6F2F1 /* StatsView.swift */; };
		D3B538F82C0517FF00F6F2F1 /* LinksTabModel.swift in Sources */ = {isa = PBXBuildFile; fileRef = D3B538ED2C0517FF00F6F2F1 /* LinksTabModel.swift */; };
		D3B538F92C0517FF00F6F2F1 /* LinksTabView.swift in Sources */ = {isa = PBXBuildFile; fileRef = D3B538EE2C0517FF00F6F2F1 /* LinksTabView.swift */; };
		D3B538FA2C0517FF00F6F2F1 /* LinksTabViewModel.swift in Sources */ = {isa = PBXBuildFile; fileRef = D3B538EF2C0517FF00F6F2F1 /* LinksTabViewModel.swift */; };
		D3B539042C05182900F6F2F1 /* ColorExtensions.swift in Sources */ = {isa = PBXBuildFile; fileRef = D3B538FB2C05182900F6F2F1 /* ColorExtensions.swift */; };
		D3B539052C05182900F6F2F1 /* CommonData.swift in Sources */ = {isa = PBXBuildFile; fileRef = D3B538FC2C05182900F6F2F1 /* CommonData.swift */; };
		D3B539062C05182900F6F2F1 /* CustomButtonView.swift in Sources */ = {isa = PBXBuildFile; fileRef = D3B538FD2C05182900F6F2F1 /* CustomButtonView.swift */; };
		D3B539072C05182900F6F2F1 /* RingProgressViewStyle.swift in Sources */ = {isa = PBXBuildFile; fileRef = D3B538FE2C05182900F6F2F1 /* RingProgressViewStyle.swift */; };
		D3B539082C05182900F6F2F1 /* SegmentsView.swift in Sources */ = {isa = PBXBuildFile; fileRef = D3B538FF2C05182900F6F2F1 /* SegmentsView.swift */; };
		D3B539092C05182900F6F2F1 /* ToastView.swift in Sources */ = {isa = PBXBuildFile; fileRef = D3B539002C05182900F6F2F1 /* ToastView.swift */; };
		D3B5390A2C05182900F6F2F1 /* URLImageView.swift in Sources */ = {isa = PBXBuildFile; fileRef = D3B539012C05182900F6F2F1 /* URLImageView.swift */; };
		D3B5390B2C05182900F6F2F1 /* ViewExtensions.swift in Sources */ = {isa = PBXBuildFile; fileRef = D3B539022C05182900F6F2F1 /* ViewExtensions.swift */; };
		D3B539122C05185E00F6F2F1 /* Figtree-Bold.ttf in Resources */ = {isa = PBXBuildFile; fileRef = D3B5390C2C05185E00F6F2F1 /* Figtree-Bold.ttf */; };
		D3B539132C05185E00F6F2F1 /* Figtree-Medium.ttf in Resources */ = {isa = PBXBuildFile; fileRef = D3B5390D2C05185E00F6F2F1 /* Figtree-Medium.ttf */; };
		D3B539142C05185E00F6F2F1 /* Figtree-Regular.ttf in Resources */ = {isa = PBXBuildFile; fileRef = D3B5390E2C05185E00F6F2F1 /* Figtree-Regular.ttf */; };
		D3B539152C05185E00F6F2F1 /* Figtree-SemiBold.ttf in Resources */ = {isa = PBXBuildFile; fileRef = D3B5390F2C05185E00F6F2F1 /* Figtree-SemiBold.ttf */; };
		D3B539162C05185E00F6F2F1 /* Font+Extension.swift in Sources */ = {isa = PBXBuildFile; fileRef = D3B539102C05185E00F6F2F1 /* Font+Extension.swift */; };
		D3B539182C05187900F6F2F1 /* Assets.xcassets in Resources */ = {isa = PBXBuildFile; fileRef = D3B539172C05187900F6F2F1 /* Assets.xcassets */; };
		D3B5391D2C051AF300F6F2F1 /* MenuView.swift in Sources */ = {isa = PBXBuildFile; fileRef = D3B539192C051AF300F6F2F1 /* MenuView.swift */; };
		D3B5391E2C051AF300F6F2F1 /* TabBarView.swift in Sources */ = {isa = PBXBuildFile; fileRef = D3B5391A2C051AF300F6F2F1 /* TabBarView.swift */; };
		D3B5391F2C051AF300F6F2F1 /* MenuItemView.swift in Sources */ = {isa = PBXBuildFile; fileRef = D3B5391B2C051AF300F6F2F1 /* MenuItemView.swift */; };
		D3B539202C051AF300F6F2F1 /* TabBarItemView.swift in Sources */ = {isa = PBXBuildFile; fileRef = D3B5391C2C051AF300F6F2F1 /* TabBarItemView.swift */; };
/* End PBXBuildFile section */

/* Begin PBXContainerItemProxy section */
		D3B538CA2C0517E900F6F2F1 /* PBXContainerItemProxy */ = {
			isa = PBXContainerItemProxy;
			containerPortal = D3B538B12C0517E800F6F2F1 /* Project object */;
			proxyType = 1;
			remoteGlobalIDString = D3B538B82C0517E800F6F2F1;
			remoteInfo = IosApp;
		};
		D3B538D42C0517E900F6F2F1 /* PBXContainerItemProxy */ = {
			isa = PBXContainerItemProxy;
			containerPortal = D3B538B12C0517E800F6F2F1 /* Project object */;
			proxyType = 1;
			remoteGlobalIDString = D3B538B82C0517E800F6F2F1;
			remoteInfo = IosApp;
		};
/* End PBXContainerItemProxy section */

/* Begin PBXFileReference section */
		D3B538B92C0517E800F6F2F1 /* IosApp.app */ = {isa = PBXFileReference; explicitFileType = wrapper.application; includeInIndex = 0; path = IosApp.app; sourceTree = BUILT_PRODUCTS_DIR; };
		D3B538BC2C0517E800F6F2F1 /* IosAppApp.swift */ = {isa = PBXFileReference; lastKnownFileType = sourcecode.swift; path = IosAppApp.swift; sourceTree = "<group>"; };
		D3B538C32C0517E900F6F2F1 /* Preview Assets.xcassets */ = {isa = PBXFileReference; lastKnownFileType = folder.assetcatalog; path = "Preview Assets.xcassets"; sourceTree = "<group>"; };
		D3B538C92C0517E900F6F2F1 /* IosAppTests.xctest */ = {isa = PBXFileReference; explicitFileType = wrapper.cfbundle; includeInIndex = 0; path = IosAppTests.xctest; sourceTree = BUILT_PRODUCTS_DIR; };
		D3B538CD2C0517E900F6F2F1 /* IosAppTests.swift */ = {isa = PBXFileReference; lastKnownFileType = sourcecode.swift; path = IosAppTests.swift; sourceTree = "<group>"; };
		D3B538D32C0517E900F6F2F1 /* IosAppUITests.xctest */ = {isa = PBXFileReference; explicitFileType = wrapper.cfbundle; includeInIndex = 0; path = IosAppUITests.xctest; sourceTree = BUILT_PRODUCTS_DIR; };
		D3B538D72C0517E900F6F2F1 /* IosAppUITests.swift */ = {isa = PBXFileReference; lastKnownFileType = sourcecode.swift; path = IosAppUITests.swift; sourceTree = "<group>"; };
		D3B538D92C0517E900F6F2F1 /* IosAppUITestsLaunchTests.swift */ = {isa = PBXFileReference; lastKnownFileType = sourcecode.swift; path = IosAppUITestsLaunchTests.swift; sourceTree = "<group>"; };
		D3B538E62C0517FF00F6F2F1 /* GreetingsView.swift */ = {isa = PBXFileReference; fileEncoding = 4; lastKnownFileType = sourcecode.swift; path = GreetingsView.swift; sourceTree = "<group>"; };
		D3B538E72C0517FF00F6F2F1 /* HelpSection.swift */ = {isa = PBXFileReference; fileEncoding = 4; lastKnownFileType = sourcecode.swift; path = HelpSection.swift; sourceTree = "<group>"; };
		D3B538E82C0517FF00F6F2F1 /* LinksView.swift */ = {isa = PBXFileReference; fileEncoding = 4; lastKnownFileType = sourcecode.swift; path = LinksView.swift; sourceTree = "<group>"; };
		D3B538EA2C0517FF00F6F2F1 /* LineChartView.swift */ = {isa = PBXFileReference; fileEncoding = 4; lastKnownFileType = sourcecode.swift; path = LineChartView.swift; sourceTree = "<group>"; };
		D3B538EB2C0517FF00F6F2F1 /* StatsView.swift */ = {isa = PBXFileReference; fileEncoding = 4; lastKnownFileType = sourcecode.swift; path = StatsView.swift; sourceTree = "<group>"; };
		D3B538ED2C0517FF00F6F2F1 /* LinksTabModel.swift */ = {isa = PBXFileReference; fileEncoding = 4; lastKnownFileType = sourcecode.swift; path = LinksTabModel.swift; sourceTree = "<group>"; };
		D3B538EE2C0517FF00F6F2F1 /* LinksTabView.swift */ = {isa = PBXFileReference; fileEncoding = 4; lastKnownFileType = sourcecode.swift; path = LinksTabView.swift; sourceTree = "<group>"; };
		D3B538EF2C0517FF00F6F2F1 /* LinksTabViewModel.swift */ = {isa = PBXFileReference; fileEncoding = 4; lastKnownFileType = sourcecode.swift; path = LinksTabViewModel.swift; sourceTree = "<group>"; };
		D3B538FB2C05182900F6F2F1 /* ColorExtensions.swift */ = {isa = PBXFileReference; fileEncoding = 4; lastKnownFileType = sourcecode.swift; path = ColorExtensions.swift; sourceTree = "<group>"; };
		D3B538FC2C05182900F6F2F1 /* CommonData.swift */ = {isa = PBXFileReference; fileEncoding = 4; lastKnownFileType = sourcecode.swift; path = CommonData.swift; sourceTree = "<group>"; };
		D3B538FD2C05182900F6F2F1 /* CustomButtonView.swift */ = {isa = PBXFileReference; fileEncoding = 4; lastKnownFileType = sourcecode.swift; path = CustomButtonView.swift; sourceTree = "<group>"; };
		D3B538FE2C05182900F6F2F1 /* RingProgressViewStyle.swift */ = {isa = PBXFileReference; fileEncoding = 4; lastKnownFileType = sourcecode.swift; path = RingProgressViewStyle.swift; sourceTree = "<group>"; };
		D3B538FF2C05182900F6F2F1 /* SegmentsView.swift */ = {isa = PBXFileReference; fileEncoding = 4; lastKnownFileType = sourcecode.swift; path = SegmentsView.swift; sourceTree = "<group>"; };
		D3B539002C05182900F6F2F1 /* ToastView.swift */ = {isa = PBXFileReference; fileEncoding = 4; lastKnownFileType = sourcecode.swift; path = ToastView.swift; sourceTree = "<group>"; };
		D3B539012C05182900F6F2F1 /* URLImageView.swift */ = {isa = PBXFileReference; fileEncoding = 4; lastKnownFileType = sourcecode.swift; path = URLImageView.swift; sourceTree = "<group>"; };
		D3B539022C05182900F6F2F1 /* ViewExtensions.swift */ = {isa = PBXFileReference; fileEncoding = 4; lastKnownFileType = sourcecode.swift; path = ViewExtensions.swift; sourceTree = "<group>"; };
		D3B5390C2C05185E00F6F2F1 /* Figtree-Bold.ttf */ = {isa = PBXFileReference; lastKnownFileType = file; path = "Figtree-Bold.ttf"; sourceTree = "<group>"; };
		D3B5390D2C05185E00F6F2F1 /* Figtree-Medium.ttf */ = {isa = PBXFileReference; lastKnownFileType = file; path = "Figtree-Medium.ttf"; sourceTree = "<group>"; };
		D3B5390E2C05185E00F6F2F1 /* Figtree-Regular.ttf */ = {isa = PBXFileReference; lastKnownFileType = file; path = "Figtree-Regular.ttf"; sourceTree = "<group>"; };
		D3B5390F2C05185E00F6F2F1 /* Figtree-SemiBold.ttf */ = {isa = PBXFileReference; lastKnownFileType = file; path = "Figtree-SemiBold.ttf"; sourceTree = "<group>"; };
		D3B539102C05185E00F6F2F1 /* Font+Extension.swift */ = {isa = PBXFileReference; fileEncoding = 4; lastKnownFileType = sourcecode.swift; path = "Font+Extension.swift"; sourceTree = "<group>"; };
		D3B539172C05187900F6F2F1 /* Assets.xcassets */ = {isa = PBXFileReference; lastKnownFileType = folder.assetcatalog; name = Assets.xcassets; path = ../../IosAppAssignment/Assets.xcassets; sourceTree = "<group>"; };
		D3B539192C051AF300F6F2F1 /* MenuView.swift */ = {isa = PBXFileReference; fileEncoding = 4; lastKnownFileType = sourcecode.swift; path = MenuView.swift; sourceTree = "<group>"; };
		D3B5391A2C051AF300F6F2F1 /* TabBarView.swift */ = {isa = PBXFileReference; fileEncoding = 4; lastKnownFileType = sourcecode.swift; path = TabBarView.swift; sourceTree = "<group>"; };
		D3B5391B2C051AF300F6F2F1 /* MenuItemView.swift */ = {isa = PBXFileReference; fileEncoding = 4; lastKnownFileType = sourcecode.swift; path = MenuItemView.swift; sourceTree = "<group>"; };
		D3B5391C2C051AF300F6F2F1 /* TabBarItemView.swift */ = {isa = PBXFileReference; fileEncoding = 4; lastKnownFileType = sourcecode.swift; path = TabBarItemView.swift; sourceTree = "<group>"; };
/* End PBXFileReference section */

/* Begin PBXFrameworksBuildPhase section */
		D3B538B62C0517E800F6F2F1 /* Frameworks */ = {
			isa = PBXFrameworksBuildPhase;
			buildActionMask = 2147483647;
			files = (
			);
			runOnlyForDeploymentPostprocessing = 0;
		};
		D3B538C62C0517E900F6F2F1 /* Frameworks */ = {
			isa = PBXFrameworksBuildPhase;
			buildActionMask = 2147483647;
			files = (
			);
			runOnlyForDeploymentPostprocessing = 0;
		};
		D3B538D02C0517E900F6F2F1 /* Frameworks */ = {
			isa = PBXFrameworksBuildPhase;
			buildActionMask = 2147483647;
			files = (
			);
			runOnlyForDeploymentPostprocessing = 0;
		};
/* End PBXFrameworksBuildPhase section */

/* Begin PBXGroup section */
		D3B538B02C0517E800F6F2F1 = {
			isa = PBXGroup;
			children = (
				D3B538BB2C0517E800F6F2F1 /* IosApp */,
				D3B538CC2C0517E900F6F2F1 /* IosAppTests */,
				D3B538D62C0517E900F6F2F1 /* IosAppUITests */,
				D3B538BA2C0517E800F6F2F1 /* Products */,
			);
			sourceTree = "<group>";
		};
		D3B538BA2C0517E800F6F2F1 /* Products */ = {
			isa = PBXGroup;
			children = (
				D3B538B92C0517E800F6F2F1 /* IosApp.app */,
				D3B538C92C0517E900F6F2F1 /* IosAppTests.xctest */,
				D3B538D32C0517E900F6F2F1 /* IosAppUITests.xctest */,
			);
			name = Products;
			sourceTree = "<group>";
		};
		D3B538BB2C0517E800F6F2F1 /* IosApp */ = {
			isa = PBXGroup;
			children = (
				D3B538BC2C0517E800F6F2F1 /* IosAppApp.swift */,
				D3B5391A2C051AF300F6F2F1 /* TabBarView.swift */,
				D3B5391C2C051AF300F6F2F1 /* TabBarItemView.swift */,
				D3B539172C05187900F6F2F1 /* Assets.xcassets */,
				D3B5391B2C051AF300F6F2F1 /* MenuItemView.swift */,
				D3B539192C051AF300F6F2F1 /* MenuView.swift */,
				D3B538F02C0517FF00F6F2F1 /* LinksTab */,
				D3B539112C05185E00F6F2F1 /* Font */,
				D3B538C22C0517E900F6F2F1 /* Preview Content */,
			);
			path = IosApp;
			sourceTree = "<group>";
		};
		D3B538C22C0517E900F6F2F1 /* Preview Content */ = {
			isa = PBXGroup;
			children = (
				D3B538C32C0517E900F6F2F1 /* Preview Assets.xcassets */,
			);
			path = "Preview Content";
			sourceTree = "<group>";
		};
		D3B538CC2C0517E900F6F2F1 /* IosAppTests */ = {
			isa = PBXGroup;
			children = (
				D3B538CD2C0517E900F6F2F1 /* IosAppTests.swift */,
			);
			path = IosAppTests;
			sourceTree = "<group>";
		};
		D3B538D62C0517E900F6F2F1 /* IosAppUITests */ = {
			isa = PBXGroup;
			children = (
				D3B538D72C0517E900F6F2F1 /* IosAppUITests.swift */,
				D3B538D92C0517E900F6F2F1 /* IosAppUITestsLaunchTests.swift */,
			);
			path = IosAppUITests;
			sourceTree = "<group>";
		};
		D3B538EC2C0517FF00F6F2F1 /* ViewComponents */ = {
			isa = PBXGroup;
			children = (
				D3B538E62C0517FF00F6F2F1 /* GreetingsView.swift */,
				D3B538FC2C05182900F6F2F1 /* CommonData.swift */,
				D3B539022C05182900F6F2F1 /* ViewExtensions.swift */,
				D3B539012C05182900F6F2F1 /* URLImageView.swift */,
				D3B539002C05182900F6F2F1 /* ToastView.swift */,
				D3B538FD2C05182900F6F2F1 /* CustomButtonView.swift */,
				D3B538FF2C05182900F6F2F1 /* SegmentsView.swift */,
				D3B538FE2C05182900F6F2F1 /* RingProgressViewStyle.swift */,
				D3B538FB2C05182900F6F2F1 /* ColorExtensions.swift */,
				D3B538E72C0517FF00F6F2F1 /* HelpSection.swift */,
				D3B538E82C0517FF00F6F2F1 /* LinksView.swift */,
				D3B538EA2C0517FF00F6F2F1 /* LineChartView.swift */,
				D3B538EB2C0517FF00F6F2F1 /* StatsView.swift */,
			);
			path = ViewComponents;
			sourceTree = "<group>";
		};
		D3B538F02C0517FF00F6F2F1 /* LinksTab */ = {
			isa = PBXGroup;
			children = (
				D3B538EC2C0517FF00F6F2F1 /* ViewComponents */,
				D3B538ED2C0517FF00F6F2F1 /* LinksTabModel.swift */,
				D3B538EE2C0517FF00F6F2F1 /* LinksTabView.swift */,
				D3B538EF2C0517FF00F6F2F1 /* LinksTabViewModel.swift */,
			);
			path = LinksTab;
			sourceTree = "<group>";
		};
		D3B539112C05185E00F6F2F1 /* Font */ = {
			isa = PBXGroup;
			children = (
				D3B5390C2C05185E00F6F2F1 /* Figtree-Bold.ttf */,
				D3B5390D2C05185E00F6F2F1 /* Figtree-Medium.ttf */,
				D3B5390E2C05185E00F6F2F1 /* Figtree-Regular.ttf */,
				D3B5390F2C05185E00F6F2F1 /* Figtree-SemiBold.ttf */,
				D3B539102C05185E00F6F2F1 /* Font+Extension.swift */,
			);
			path = Font;
			sourceTree = "<group>";
		};
/* End PBXGroup section */

/* Begin PBXNativeTarget section */
		D3B538B82C0517E800F6F2F1 /* IosApp */ = {
			isa = PBXNativeTarget;
			buildConfigurationList = D3B538DD2C0517E900F6F2F1 /* Build configuration list for PBXNativeTarget "IosApp" */;
			buildPhases = (
				D3B538B52C0517E800F6F2F1 /* Sources */,
				D3B538B62C0517E800F6F2F1 /* Frameworks */,
				D3B538B72C0517E800F6F2F1 /* Resources */,
			);
			buildRules = (
			);
			dependencies = (
			);
			name = IosApp;
			productName = IosApp;
			productReference = D3B538B92C0517E800F6F2F1 /* IosApp.app */;
			productType = "com.apple.product-type.application";
		};
		D3B538C82C0517E900F6F2F1 /* IosAppTests */ = {
			isa = PBXNativeTarget;
			buildConfigurationList = D3B538E02C0517E900F6F2F1 /* Build configuration list for PBXNativeTarget "IosAppTests" */;
			buildPhases = (
				D3B538C52C0517E900F6F2F1 /* Sources */,
				D3B538C62C0517E900F6F2F1 /* Frameworks */,
				D3B538C72C0517E900F6F2F1 /* Resources */,
			);
			buildRules = (
			);
			dependencies = (
				D3B538CB2C0517E900F6F2F1 /* PBXTargetDependency */,
			);
			name = IosAppTests;
			productName = IosAppTests;
			productReference = D3B538C92C0517E900F6F2F1 /* IosAppTests.xctest */;
			productType = "com.apple.product-type.bundle.unit-test";
		};
		D3B538D22C0517E900F6F2F1 /* IosAppUITests */ = {
			isa = PBXNativeTarget;
			buildConfigurationList = D3B538E32C0517E900F6F2F1 /* Build configuration list for PBXNativeTarget "IosAppUITests" */;
			buildPhases = (
				D3B538CF2C0517E900F6F2F1 /* Sources */,
				D3B538D02C0517E900F6F2F1 /* Frameworks */,
				D3B538D12C0517E900F6F2F1 /* Resources */,
			);
			buildRules = (
			);
			dependencies = (
				D3B538D52C0517E900F6F2F1 /* PBXTargetDependency */,
			);
			name = IosAppUITests;
			productName = IosAppUITests;
			productReference = D3B538D32C0517E900F6F2F1 /* IosAppUITests.xctest */;
			productType = "com.apple.product-type.bundle.ui-testing";
		};
/* End PBXNativeTarget section */

/* Begin PBXProject section */
		D3B538B12C0517E800F6F2F1 /* Project object */ = {
			isa = PBXProject;
			attributes = {
				BuildIndependentTargetsInParallel = 1;
				LastSwiftUpdateCheck = 1540;
				LastUpgradeCheck = 1540;
				TargetAttributes = {
					D3B538B82C0517E800F6F2F1 = {
						CreatedOnToolsVersion = 15.4;
					};
					D3B538C82C0517E900F6F2F1 = {
						CreatedOnToolsVersion = 15.4;
						TestTargetID = D3B538B82C0517E800F6F2F1;
					};
					D3B538D22C0517E900F6F2F1 = {
						CreatedOnToolsVersion = 15.4;
						TestTargetID = D3B538B82C0517E800F6F2F1;
					};
				};
			};
			buildConfigurationList = D3B538B42C0517E800F6F2F1 /* Build configuration list for PBXProject "IosApp" */;
			compatibilityVersion = "Xcode 14.0";
			developmentRegion = en;
			hasScannedForEncodings = 0;
			knownRegions = (
				en,
				Base,
			);
			mainGroup = D3B538B02C0517E800F6F2F1;
			productRefGroup = D3B538BA2C0517E800F6F2F1 /* Products */;
			projectDirPath = "";
			projectRoot = "";
			targets = (
				D3B538B82C0517E800F6F2F1 /* IosApp */,
				D3B538C82C0517E900F6F2F1 /* IosAppTests */,
				D3B538D22C0517E900F6F2F1 /* IosAppUITests */,
			);
		};
/* End PBXProject section */

/* Begin PBXResourcesBuildPhase section */
		D3B538B72C0517E800F6F2F1 /* Resources */ = {
			isa = PBXResourcesBuildPhase;
			buildActionMask = 2147483647;
			files = (
				D3B539152C05185E00F6F2F1 /* Figtree-SemiBold.ttf in Resources */,
				D3B538C42C0517E900F6F2F1 /* Preview Assets.xcassets in Resources */,
				D3B539122C05185E00F6F2F1 /* Figtree-Bold.ttf in Resources */,
				D3B539132C05185E00F6F2F1 /* Figtree-Medium.ttf in Resources */,
				D3B539182C05187900F6F2F1 /* Assets.xcassets in Resources */,
				D3B539142C05185E00F6F2F1 /* Figtree-Regular.ttf in Resources */,
			);
			runOnlyForDeploymentPostprocessing = 0;
		};
		D3B538C72C0517E900F6F2F1 /* Resources */ = {
			isa = PBXResourcesBuildPhase;
			buildActionMask = 2147483647;
			files = (
			);
			runOnlyForDeploymentPostprocessing = 0;
		};
		D3B538D12C0517E900F6F2F1 /* Resources */ = {
			isa = PBXResourcesBuildPhase;
			buildActionMask = 2147483647;
			files = (
			);
			runOnlyForDeploymentPostprocessing = 0;
		};
/* End PBXResourcesBuildPhase section */

/* Begin PBXSourcesBuildPhase section */
		D3B538B52C0517E800F6F2F1 /* Sources */ = {
			isa = PBXSourcesBuildPhase;
			buildActionMask = 2147483647;
			files = (
				D3B539092C05182900F6F2F1 /* ToastView.swift in Sources */,
				D3B538F92C0517FF00F6F2F1 /* LinksTabView.swift in Sources */,
				D3B5390A2C05182900F6F2F1 /* URLImageView.swift in Sources */,
				D3B538F32C0517FF00F6F2F1 /* HelpSection.swift in Sources */,
				D3B539202C051AF300F6F2F1 /* TabBarItemView.swift in Sources */,
				D3B538F42C0517FF00F6F2F1 /* LinksView.swift in Sources */,
				D3B539162C05185E00F6F2F1 /* Font+Extension.swift in Sources */,
				D3B5391D2C051AF300F6F2F1 /* MenuView.swift in Sources */,
				D3B538F62C0517FF00F6F2F1 /* LineChartView.swift in Sources */,
				D3B538F72C0517FF00F6F2F1 /* StatsView.swift in Sources */,
				D3B538BD2C0517E800F6F2F1 /* IosAppApp.swift in Sources */,
				D3B539062C05182900F6F2F1 /* CustomButtonView.swift in Sources */,
				D3B5391E2C051AF300F6F2F1 /* TabBarView.swift in Sources */,
				D3B539052C05182900F6F2F1 /* CommonData.swift in Sources */,
				D3B5390B2C05182900F6F2F1 /* ViewExtensions.swift in Sources */,
				D3B5391F2C051AF300F6F2F1 /* MenuItemView.swift in Sources */,
				D3B538FA2C0517FF00F6F2F1 /* LinksTabViewModel.swift in Sources */,
				D3B538F22C0517FF00F6F2F1 /* GreetingsView.swift in Sources */,
				D3B538F82C0517FF00F6F2F1 /* LinksTabModel.swift in Sources */,
				D3B539042C05182900F6F2F1 /* ColorExtensions.swift in Sources */,
				D3B539082C05182900F6F2F1 /* SegmentsView.swift in Sources */,
				D3B539072C05182900F6F2F1 /* RingProgressViewStyle.swift in Sources */,
			);
			runOnlyForDeploymentPostprocessing = 0;
		};
		D3B538C52C0517E900F6F2F1 /* Sources */ = {
			isa = PBXSourcesBuildPhase;
			buildActionMask = 2147483647;
			files = (
				D3B538CE2C0517E900F6F2F1 /* IosAppTests.swift in Sources */,
			);
			runOnlyForDeploymentPostprocessing = 0;
		};
		D3B538CF2C0517E900F6F2F1 /* Sources */ = {
			isa = PBXSourcesBuildPhase;
			buildActionMask = 2147483647;
			files = (
				D3B538DA2C0517E900F6F2F1 /* IosAppUITestsLaunchTests.swift in Sources */,
				D3B538D82C0517E900F6F2F1 /* IosAppUITests.swift in Sources */,
			);
			runOnlyForDeploymentPostprocessing = 0;
		};
/* End PBXSourcesBuildPhase section */

/* Begin PBXTargetDependency section */
		D3B538CB2C0517E900F6F2F1 /* PBXTargetDependency */ = {
			isa = PBXTargetDependency;
			target = D3B538B82C0517E800F6F2F1 /* IosApp */;
			targetProxy = D3B538CA2C0517E900F6F2F1 /* PBXContainerItemProxy */;
		};
		D3B538D52C0517E900F6F2F1 /* PBXTargetDependency */ = {
			isa = PBXTargetDependency;
			target = D3B538B82C0517E800F6F2F1 /* IosApp */;
			targetProxy = D3B538D42C0517E900F6F2F1 /* PBXContainerItemProxy */;
		};
/* End PBXTargetDependency section */

/* Begin XCBuildConfiguration section */
		D3B538DB2C0517E900F6F2F1 /* Debug */ = {
			isa = XCBuildConfiguration;
			buildSettings = {
				ALWAYS_SEARCH_USER_PATHS = NO;
				ASSETCATALOG_COMPILER_GENERATE_SWIFT_ASSET_SYMBOL_EXTENSIONS = YES;
				CLANG_ANALYZER_NONNULL = YES;
				CLANG_ANALYZER_NUMBER_OBJECT_CONVERSION = YES_AGGRESSIVE;
				CLANG_CXX_LANGUAGE_STANDARD = "gnu++20";
				CLANG_ENABLE_MODULES = YES;
				CLANG_ENABLE_OBJC_ARC = YES;
				CLANG_ENABLE_OBJC_WEAK = YES;
				CLANG_WARN_BLOCK_CAPTURE_AUTORELEASING = YES;
				CLANG_WARN_BOOL_CONVERSION = YES;
				CLANG_WARN_COMMA = YES;
				CLANG_WARN_CONSTANT_CONVERSION = YES;
				CLANG_WARN_DEPRECATED_OBJC_IMPLEMENTATIONS = YES;
				CLANG_WARN_DIRECT_OBJC_ISA_USAGE = YES_ERROR;
				CLANG_WARN_DOCUMENTATION_COMMENTS = YES;
				CLANG_WARN_EMPTY_BODY = YES;
				CLANG_WARN_ENUM_CONVERSION = YES;
				CLANG_WARN_INFINITE_RECURSION = YES;
				CLANG_WARN_INT_CONVERSION = YES;
				CLANG_WARN_NON_LITERAL_NULL_CONVERSION = YES;
				CLANG_WARN_OBJC_IMPLICIT_RETAIN_SELF = YES;
				CLANG_WARN_OBJC_LITERAL_CONVERSION = YES;
				CLANG_WARN_OBJC_ROOT_CLASS = YES_ERROR;
				CLANG_WARN_QUOTED_INCLUDE_IN_FRAMEWORK_HEADER = YES;
				CLANG_WARN_RANGE_LOOP_ANALYSIS = YES;
				CLANG_WARN_STRICT_PROTOTYPES = YES;
				CLANG_WARN_SUSPICIOUS_MOVE = YES;
				CLANG_WARN_UNGUARDED_AVAILABILITY = YES_AGGRESSIVE;
				CLANG_WARN_UNREACHABLE_CODE = YES;
				CLANG_WARN__DUPLICATE_METHOD_MATCH = YES;
				COPY_PHASE_STRIP = NO;
				DEBUG_INFORMATION_FORMAT = dwarf;
				ENABLE_STRICT_OBJC_MSGSEND = YES;
				ENABLE_TESTABILITY = YES;
				ENABLE_USER_SCRIPT_SANDBOXING = YES;
				GCC_C_LANGUAGE_STANDARD = gnu17;
				GCC_DYNAMIC_NO_PIC = NO;
				GCC_NO_COMMON_BLOCKS = YES;
				GCC_OPTIMIZATION_LEVEL = 0;
				GCC_PREPROCESSOR_DEFINITIONS = (
					"DEBUG=1",
					"$(inherited)",
				);
				GCC_WARN_64_TO_32_BIT_CONVERSION = YES;
				GCC_WARN_ABOUT_RETURN_TYPE = YES_ERROR;
				GCC_WARN_UNDECLARED_SELECTOR = YES;
				GCC_WARN_UNINITIALIZED_AUTOS = YES_AGGRESSIVE;
				GCC_WARN_UNUSED_FUNCTION = YES;
				GCC_WARN_UNUSED_VARIABLE = YES;
				IPHONEOS_DEPLOYMENT_TARGET = 17.5;
				LOCALIZATION_PREFERS_STRING_CATALOGS = YES;
				MTL_ENABLE_DEBUG_INFO = INCLUDE_SOURCE;
				MTL_FAST_MATH = YES;
				ONLY_ACTIVE_ARCH = YES;
				SDKROOT = iphoneos;
				SWIFT_ACTIVE_COMPILATION_CONDITIONS = "DEBUG $(inherited)";
				SWIFT_OPTIMIZATION_LEVEL = "-Onone";
			};
			name = Debug;
		};
		D3B538DC2C0517E900F6F2F1 /* Release */ = {
			isa = XCBuildConfiguration;
			buildSettings = {
				ALWAYS_SEARCH_USER_PATHS = NO;
				ASSETCATALOG_COMPILER_GENERATE_SWIFT_ASSET_SYMBOL_EXTENSIONS = YES;
				CLANG_ANALYZER_NONNULL = YES;
				CLANG_ANALYZER_NUMBER_OBJECT_CONVERSION = YES_AGGRESSIVE;
				CLANG_CXX_LANGUAGE_STANDARD = "gnu++20";
				CLANG_ENABLE_MODULES = YES;
				CLANG_ENABLE_OBJC_ARC = YES;
				CLANG_ENABLE_OBJC_WEAK = YES;
				CLANG_WARN_BLOCK_CAPTURE_AUTORELEASING = YES;
				CLANG_WARN_BOOL_CONVERSION = YES;
				CLANG_WARN_COMMA = YES;
				CLANG_WARN_CONSTANT_CONVERSION = YES;
				CLANG_WARN_DEPRECATED_OBJC_IMPLEMENTATIONS = YES;
				CLANG_WARN_DIRECT_OBJC_ISA_USAGE = YES_ERROR;
				CLANG_WARN_DOCUMENTATION_COMMENTS = YES;
				CLANG_WARN_EMPTY_BODY = YES;
				CLANG_WARN_ENUM_CONVERSION = YES;
				CLANG_WARN_INFINITE_RECURSION = YES;
				CLANG_WARN_INT_CONVERSION = YES;
				CLANG_WARN_NON_LITERAL_NULL_CONVERSION = YES;
				CLANG_WARN_OBJC_IMPLICIT_RETAIN_SELF = YES;
				CLANG_WARN_OBJC_LITERAL_CONVERSION = YES;
				CLANG_WARN_OBJC_ROOT_CLASS = YES_ERROR;
				CLANG_WARN_QUOTED_INCLUDE_IN_FRAMEWORK_HEADER = YES;
				CLANG_WARN_RANGE_LOOP_ANALYSIS = YES;
				CLANG_WARN_STRICT_PROTOTYPES = YES;
				CLANG_WARN_SUSPICIOUS_MOVE = YES;
				CLANG_WARN_UNGUARDED_AVAILABILITY = YES_AGGRESSIVE;
				CLANG_WARN_UNREACHABLE_CODE = YES;
				CLANG_WARN__DUPLICATE_METHOD_MATCH = YES;
				COPY_PHASE_STRIP = NO;
				DEBUG_INFORMATION_FORMAT = "dwarf-with-dsym";
				ENABLE_NS_ASSERTIONS = NO;
				ENABLE_STRICT_OBJC_MSGSEND = YES;
				ENABLE_USER_SCRIPT_SANDBOXING = YES;
				GCC_C_LANGUAGE_STANDARD = gnu17;
				GCC_NO_COMMON_BLOCKS = YES;
				GCC_WARN_64_TO_32_BIT_CONVERSION = YES;
				GCC_WARN_ABOUT_RETURN_TYPE = YES_ERROR;
				GCC_WARN_UNDECLARED_SELECTOR = YES;
				GCC_WARN_UNINITIALIZED_AUTOS = YES_AGGRESSIVE;
				GCC_WARN_UNUSED_FUNCTION = YES;
				GCC_WARN_UNUSED_VARIABLE = YES;
				IPHONEOS_DEPLOYMENT_TARGET = 17.5;
				LOCALIZATION_PREFERS_STRING_CATALOGS = YES;
				MTL_ENABLE_DEBUG_INFO = NO;
				MTL_FAST_MATH = YES;
				SDKROOT = iphoneos;
				SWIFT_COMPILATION_MODE = wholemodule;
				VALIDATE_PRODUCT = YES;
			};
			name = Release;
		};
		D3B538DE2C0517E900F6F2F1 /* Debug */ = {
			isa = XCBuildConfiguration;
			buildSettings = {
				ASSETCATALOG_COMPILER_APPICON_NAME = AppIcon;
				ASSETCATALOG_COMPILER_GLOBAL_ACCENT_COLOR_NAME = AccentColor;
				CODE_SIGN_STYLE = Automatic;
				CURRENT_PROJECT_VERSION = 1;
				DEVELOPMENT_ASSET_PATHS = "\"IosApp/Preview Content\"";
				ENABLE_PREVIEWS = YES;
				GENERATE_INFOPLIST_FILE = YES;
				INFOPLIST_KEY_UIApplicationSceneManifest_Generation = YES;
				INFOPLIST_KEY_UIApplicationSupportsIndirectInputEvents = YES;
				INFOPLIST_KEY_UILaunchScreen_Generation = YES;
				INFOPLIST_KEY_UISupportedInterfaceOrientations_iPad = "UIInterfaceOrientationPortrait UIInterfaceOrientationPortraitUpsideDown UIInterfaceOrientationLandscapeLeft UIInterfaceOrientationLandscapeRight";
				INFOPLIST_KEY_UISupportedInterfaceOrientations_iPhone = "UIInterfaceOrientationPortrait UIInterfaceOrientationLandscapeLeft UIInterfaceOrientationLandscapeRight";
				LD_RUNPATH_SEARCH_PATHS = (
					"$(inherited)",
					"@executable_path/Frameworks",
				);
				MARKETING_VERSION = 1.0;
				PRODUCT_BUNDLE_IDENTIFIER = com.example.IosApp;
				PRODUCT_NAME = "$(TARGET_NAME)";
				SWIFT_EMIT_LOC_STRINGS = YES;
				SWIFT_VERSION = 5.0;
				TARGETED_DEVICE_FAMILY = "1,2";
			};
			name = Debug;
		};
		D3B538DF2C0517E900F6F2F1 /* Release */ = {
			isa = XCBuildConfiguration;
			buildSettings = {
				ASSETCATALOG_COMPILER_APPICON_NAME = AppIcon;
				ASSETCATALOG_COMPILER_GLOBAL_ACCENT_COLOR_NAME = AccentColor;
				CODE_SIGN_STYLE = Automatic;
				CURRENT_PROJECT_VERSION = 1;
				DEVELOPMENT_ASSET_PATHS = "\"IosApp/Preview Content\"";
				ENABLE_PREVIEWS = YES;
				GENERATE_INFOPLIST_FILE = YES;
				INFOPLIST_KEY_UIApplicationSceneManifest_Generation = YES;
				INFOPLIST_KEY_UIApplicationSupportsIndirectInputEvents = YES;
				INFOPLIST_KEY_UILaunchScreen_Generation = YES;
				INFOPLIST_KEY_UISupportedInterfaceOrientations_iPad = "UIInterfaceOrientationPortrait UIInterfaceOrientationPortraitUpsideDown UIInterfaceOrientationLandscapeLeft UIInterfaceOrientationLandscapeRight";
				INFOPLIST_KEY_UISupportedInterfaceOrientations_iPhone = "UIInterfaceOrientationPortrait UIInterfaceOrientationLandscapeLeft UIInterfaceOrientationLandscapeRight";
				LD_RUNPATH_SEARCH_PATHS = (
					"$(inherited)",
					"@executable_path/Frameworks",
				);
				MARKETING_VERSION = 1.0;
				PRODUCT_BUNDLE_IDENTIFIER = com.example.IosApp;
				PRODUCT_NAME = "$(TARGET_NAME)";
				SWIFT_EMIT_LOC_STRINGS = YES;
				SWIFT_VERSION = 5.0;
				TARGETED_DEVICE_FAMILY = "1,2";
			};
			name = Release;
		};
		D3B538E12C0517E900F6F2F1 /* Debug */ = {
			isa = XCBuildConfiguration;
			buildSettings = {
				ALWAYS_EMBED_SWIFT_STANDARD_LIBRARIES = YES;
				BUNDLE_LOADER = "$(TEST_HOST)";
				CODE_SIGN_STYLE = Automatic;
				CURRENT_PROJECT_VERSION = 1;
				GENERATE_INFOPLIST_FILE = YES;
				IPHONEOS_DEPLOYMENT_TARGET = 17.5;
				MARKETING_VERSION = 1.0;
				PRODUCT_BUNDLE_IDENTIFIER = com.example.IosAppTests;
				PRODUCT_NAME = "$(TARGET_NAME)";
				SWIFT_EMIT_LOC_STRINGS = NO;
				SWIFT_VERSION = 5.0;
				TARGETED_DEVICE_FAMILY = "1,2";
				TEST_HOST = "$(BUILT_PRODUCTS_DIR)/IosApp.app/$(BUNDLE_EXECUTABLE_FOLDER_PATH)/IosApp";
			};
			name = Debug;
		};
		D3B538E22C0517E900F6F2F1 /* Release */ = {
			isa = XCBuildConfiguration;
			buildSettings = {
				ALWAYS_EMBED_SWIFT_STANDARD_LIBRARIES = YES;
				BUNDLE_LOADER = "$(TEST_HOST)";
				CODE_SIGN_STYLE = Automatic;
				CURRENT_PROJECT_VERSION = 1;
				GENERATE_INFOPLIST_FILE = YES;
				IPHONEOS_DEPLOYMENT_TARGET = 17.5;
				MARKETING_VERSION = 1.0;
				PRODUCT_BUNDLE_IDENTIFIER = com.example.IosAppTests;
				PRODUCT_NAME = "$(TARGET_NAME)";
				SWIFT_EMIT_LOC_STRINGS = NO;
				SWIFT_VERSION = 5.0;
				TARGETED_DEVICE_FAMILY = "1,2";
				TEST_HOST = "$(BUILT_PRODUCTS_DIR)/IosApp.app/$(BUNDLE_EXECUTABLE_FOLDER_PATH)/IosApp";
			};
			name = Release;
		};
		D3B538E42C0517E900F6F2F1 /* Debug */ = {
			isa = XCBuildConfiguration;
			buildSettings = {
				ALWAYS_EMBED_SWIFT_STANDARD_LIBRARIES = YES;
				CODE_SIGN_STYLE = Automatic;
				CURRENT_PROJECT_VERSION = 1;
				GENERATE_INFOPLIST_FILE = YES;
				MARKETING_VERSION = 1.0;
				PRODUCT_BUNDLE_IDENTIFIER = com.example.IosAppUITests;
				PRODUCT_NAME = "$(TARGET_NAME)";
				SWIFT_EMIT_LOC_STRINGS = NO;
				SWIFT_VERSION = 5.0;
				TARGETED_DEVICE_FAMILY = "1,2";
				TEST_TARGET_NAME = IosApp;
			};
			name = Debug;
		};
		D3B538E52C0517E900F6F2F1 /* Release */ = {
			isa = XCBuildConfiguration;
			buildSettings = {
				ALWAYS_EMBED_SWIFT_STANDARD_LIBRARIES = YES;
				CODE_SIGN_STYLE = Automatic;
				CURRENT_PROJECT_VERSION = 1;
				GENERATE_INFOPLIST_FILE = YES;
				MARKETING_VERSION = 1.0;
				PRODUCT_BUNDLE_IDENTIFIER = com.example.IosAppUITests;
				PRODUCT_NAME = "$(TARGET_NAME)";
				SWIFT_EMIT_LOC_STRINGS = NO;
				SWIFT_VERSION = 5.0;
				TARGETED_DEVICE_FAMILY = "1,2";
				TEST_TARGET_NAME = IosApp;
			};
			name = Release;
		};
/* End XCBuildConfiguration section */

/* Begin XCConfigurationList section */
		D3B538B42C0517E800F6F2F1 /* Build configuration list for PBXProject "IosApp" */ = {
			isa = XCConfigurationList;
			buildConfigurations = (
				D3B538DB2C0517E900F6F2F1 /* Debug */,
				D3B538DC2C0517E900F6F2F1 /* Release */,
			);
			defaultConfigurationIsVisible = 0;
			defaultConfigurationName = Release;
		};
		D3B538DD2C0517E900F6F2F1 /* Build configuration list for PBXNativeTarget "IosApp" */ = {
			isa = XCConfigurationList;
			buildConfigurations = (
				D3B538DE2C0517E900F6F2F1 /* Debug */,
				D3B538DF2C0517E900F6F2F1 /* Release */,
			);
			defaultConfigurationIsVisible = 0;
			defaultConfigurationName = Release;
		};
		D3B538E02C0517E900F6F2F1 /* Build configuration list for PBXNativeTarget "IosAppTests" */ = {
			isa = XCConfigurationList;
			buildConfigurations = (
				D3B538E12C0517E900F6F2F1 /* Debug */,
				D3B538E22C0517E900F6F2F1 /* Release */,
			);
			defaultConfigurationIsVisible = 0;
			defaultConfigurationName = Release;
		};
		D3B538E32C0517E900F6F2F1 /* Build configuration list for PBXNativeTarget "IosAppUITests" */ = {
			isa = XCConfigurationList;
			buildConfigurations = (
				D3B538E42C0517E900F6F2F1 /* Debug */,
				D3B538E52C0517E900F6F2F1 /* Release */,
			);
			defaultConfigurationIsVisible = 0;
			defaultConfigurationName = Release;
		};
/* End XCConfigurationList section */
	};
	rootObject = D3B538B12C0517E800F6F2F1 /* Project object */;
}
